// !$*UTF8*$!
{
	archiveVersion = 1;
	classes = {
	};
	objectVersion = 48;
	objects = {

/* Begin PBXBuildFile section */
		223D8EED2054778F00B1C87C /* AppDelegate.swift in Sources */ = {isa = PBXBuildFile; fileRef = 223D8EEC2054778F00B1C87C /* AppDelegate.swift */; };
		223D8EEF2054778F00B1C87C /* ViewController.swift in Sources */ = {isa = PBXBuildFile; fileRef = 223D8EEE2054778F00B1C87C /* ViewController.swift */; };
		223D8EF22054778F00B1C87C /* Main.storyboard in Resources */ = {isa = PBXBuildFile; fileRef = 223D8EF02054778F00B1C87C /* Main.storyboard */; };
		223D8EF42054778F00B1C87C /* Assets.xcassets in Resources */ = {isa = PBXBuildFile; fileRef = 223D8EF32054778F00B1C87C /* Assets.xcassets */; };
		223D8EF72054778F00B1C87C /* LaunchScreen.storyboard in Resources */ = {isa = PBXBuildFile; fileRef = 223D8EF52054778F00B1C87C /* LaunchScreen.storyboard */; };
		223D8F022054778F00B1C87C /* BullseyeTests.swift in Sources */ = {isa = PBXBuildFile; fileRef = 223D8F012054778F00B1C87C /* BullseyeTests.swift */; };
		223D8F0D2054778F00B1C87C /* BullseyeUITests.swift in Sources */ = {isa = PBXBuildFile; fileRef = 223D8F0C2054778F00B1C87C /* BullseyeUITests.swift */; };
/* End PBXBuildFile section */

/* Begin PBXContainerItemProxy section */
		223D8EFE2054778F00B1C87C /* PBXContainerItemProxy */ = {
			isa = PBXContainerItemProxy;
			containerPortal = 223D8EE12054778F00B1C87C /* Project object */;
			proxyType = 1;
			remoteGlobalIDString = 223D8EE82054778F00B1C87C;
			remoteInfo = Bullseye;
		};
		223D8F092054778F00B1C87C /* PBXContainerItemProxy */ = {
			isa = PBXContainerItemProxy;
			containerPortal = 223D8EE12054778F00B1C87C /* Project object */;
			proxyType = 1;
			remoteGlobalIDString = 223D8EE82054778F00B1C87C;
			remoteInfo = Bullseye;
		};
/* End PBXContainerItemProxy section */

/* Begin PBXFileReference section */
		223D8EE92054778F00B1C87C /* Bullseye.app */ = {isa = PBXFileReference; explicitFileType = wrapper.application; includeInIndex = 0; path = Bullseye.app; sourceTree = BUILT_PRODUCTS_DIR; };
		223D8EEC2054778F00B1C87C /* AppDelegate.swift */ = {isa = PBXFileReference; lastKnownFileType = sourcecode.swift; path = AppDelegate.swift; sourceTree = "<group>"; };
		223D8EEE2054778F00B1C87C /* ViewController.swift */ = {isa = PBXFileReference; lastKnownFileType = sourcecode.swift; path = ViewController.swift; sourceTree = "<group>"; };
		223D8EF12054778F00B1C87C /* Base */ = {isa = PBXFileReference; lastKnownFileType = file.storyboard; name = Base; path = Base.lproj/Main.storyboard; sourceTree = "<group>"; };
		223D8EF32054778F00B1C87C /* Assets.xcassets */ = {isa = PBXFileReference; lastKnownFileType = folder.assetcatalog; path = Assets.xcassets; sourceTree = "<group>"; };
		223D8EF62054778F00B1C87C /* Base */ = {isa = PBXFileReference; lastKnownFileType = file.storyboard; name = Base; path = Base.lproj/LaunchScreen.storyboard; sourceTree = "<group>"; };
		223D8EF82054778F00B1C87C /* Info.plist */ = {isa = PBXFileReference; lastKnownFileType = text.plist.xml; path = Info.plist; sourceTree = "<group>"; };
		223D8EFD2054778F00B1C87C /* BullseyeTests.xctest */ = {isa = PBXFileReference; explicitFileType = wrapper.cfbundle; includeInIndex = 0; path = BullseyeTests.xctest; sourceTree = BUILT_PRODUCTS_DIR; };
		223D8F012054778F00B1C87C /* BullseyeTests.swift */ = {isa = PBXFileReference; lastKnownFileType = sourcecode.swift; path = BullseyeTests.swift; sourceTree = "<group>"; };
		223D8F032054778F00B1C87C /* Info.plist */ = {isa = PBXFileReference; lastKnownFileType = text.plist.xml; path = Info.plist; sourceTree = "<group>"; };
		223D8F082054778F00B1C87C /* BullseyeUITests.xctest */ = {isa = PBXFileReference; explicitFileType = wrapper.cfbundle; includeInIndex = 0; path = BullseyeUITests.xctest; sourceTree = BUILT_PRODUCTS_DIR; };
		223D8F0C2054778F00B1C87C /* BullseyeUITests.swift */ = {isa = PBXFileReference; lastKnownFileType = sourcecode.swift; path = BullseyeUITests.swift; sourceTree = "<group>"; };
		223D8F0E2054778F00B1C87C /* Info.plist */ = {isa = PBXFileReference; lastKnownFileType = text.plist.xml; path = Info.plist; sourceTree = "<group>"; };
/* End PBXFileReference section */

/* Begin PBXFrameworksBuildPhase section */
		223D8EE62054778F00B1C87C /* Frameworks */ = {
			isa = PBXFrameworksBuildPhase;
			buildActionMask = 2147483647;
			files = (
			);
			runOnlyForDeploymentPostprocessing = 0;
		};
		223D8EFA2054778F00B1C87C /* Frameworks */ = {
			isa = PBXFrameworksBuildPhase;
			buildActionMask = 2147483647;
			files = (
			);
			runOnlyForDeploymentPostprocessing = 0;
		};
		223D8F052054778F00B1C87C /* Frameworks */ = {
			isa = PBXFrameworksBuildPhase;
			buildActionMask = 2147483647;
			files = (
			);
			runOnlyForDeploymentPostprocessing = 0;
		};
/* End PBXFrameworksBuildPhase section */

/* Begin PBXGroup section */
		223D8EE02054778F00B1C87C = {
			isa = PBXGroup;
			children = (
				223D8EEB2054778F00B1C87C /* Bullseye */,
				223D8F002054778F00B1C87C /* BullseyeTests */,
				223D8F0B2054778F00B1C87C /* BullseyeUITests */,
				223D8EEA2054778F00B1C87C /* Products */,
			);
			sourceTree = "<group>";
		};
		223D8EEA2054778F00B1C87C /* Products */ = {
			isa = PBXGroup;
			children = (
				223D8EE92054778F00B1C87C /* Bullseye.app */,
				223D8EFD2054778F00B1C87C /* BullseyeTests.xctest */,
				223D8F082054778F00B1C87C /* BullseyeUITests.xctest */,
			);
			name = Products;
			sourceTree = "<group>";
		};
		223D8EEB2054778F00B1C87C /* Bullseye */ = {
			isa = PBXGroup;
			children = (
				223D8EEC2054778F00B1C87C /* AppDelegate.swift */,
				223D8EEE2054778F00B1C87C /* ViewController.swift */,
				223D8EF02054778F00B1C87C /* Main.storyboard */,
				223D8EF32054778F00B1C87C /* Assets.xcassets */,
				223D8EF52054778F00B1C87C /* LaunchScreen.storyboard */,
				223D8EF82054778F00B1C87C /* Info.plist */,
			);
			path = Bullseye;
			sourceTree = "<group>";
		};
		223D8F002054778F00B1C87C /* BullseyeTests */ = {
			isa = PBXGroup;
			children = (
				223D8F012054778F00B1C87C /* BullseyeTests.swift */,
				223D8F032054778F00B1C87C /* Info.plist */,
			);
			path = BullseyeTests;
			sourceTree = "<group>";
		};
		223D8F0B2054778F00B1C87C /* BullseyeUITests */ = {
			isa = PBXGroup;
			children = (
				223D8F0C2054778F00B1C87C /* BullseyeUITests.swift */,
				223D8F0E2054778F00B1C87C /* Info.plist */,
			);
			path = BullseyeUITests;
			sourceTree = "<group>";
		};
/* End PBXGroup section */

/* Begin PBXNativeTarget section */
		223D8EE82054778F00B1C87C /* Bullseye */ = {
			isa = PBXNativeTarget;
			buildConfigurationList = 223D8F112054778F00B1C87C /* Build configuration list for PBXNativeTarget "Bullseye" */;
			buildPhases = (
				223D8EE52054778F00B1C87C /* Sources */,
				223D8EE62054778F00B1C87C /* Frameworks */,
				223D8EE72054778F00B1C87C /* Resources */,
			);
			buildRules = (
			);
			dependencies = (
			);
			name = Bullseye;
			productName = Bullseye;
			productReference = 223D8EE92054778F00B1C87C /* Bullseye.app */;
			productType = "com.apple.product-type.application";
		};
		223D8EFC2054778F00B1C87C /* BullseyeTests */ = {
			isa = PBXNativeTarget;
			buildConfigurationList = 223D8F142054778F00B1C87C /* Build configuration list for PBXNativeTarget "BullseyeTests" */;
			buildPhases = (
				223D8EF92054778F00B1C87C /* Sources */,
				223D8EFA2054778F00B1C87C /* Frameworks */,
				223D8EFB2054778F00B1C87C /* Resources */,
			);
			buildRules = (
			);
			dependencies = (
				223D8EFF2054778F00B1C87C /* PBXTargetDependency */,
			);
			name = BullseyeTests;
			productName = BullseyeTests;
			productReference = 223D8EFD2054778F00B1C87C /* BullseyeTests.xctest */;
			productType = "com.apple.product-type.bundle.unit-test";
		};
		223D8F072054778F00B1C87C /* BullseyeUITests */ = {
			isa = PBXNativeTarget;
			buildConfigurationList = 223D8F172054778F00B1C87C /* Build configuration list for PBXNativeTarget "BullseyeUITests" */;
			buildPhases = (
				223D8F042054778F00B1C87C /* Sources */,
				223D8F052054778F00B1C87C /* Frameworks */,
				223D8F062054778F00B1C87C /* Resources */,
			);
			buildRules = (
			);
			dependencies = (
				223D8F0A2054778F00B1C87C /* PBXTargetDependency */,
			);
			name = BullseyeUITests;
			productName = BullseyeUITests;
			productReference = 223D8F082054778F00B1C87C /* BullseyeUITests.xctest */;
			productType = "com.apple.product-type.bundle.ui-testing";
		};
/* End PBXNativeTarget section */

/* Begin PBXProject section */
		223D8EE12054778F00B1C87C /* Project object */ = {
			isa = PBXProject;
			attributes = {
				LastSwiftUpdateCheck = 0920;
				LastUpgradeCheck = 0920;
				ORGANIZATIONNAME = Tim;
				TargetAttributes = {
					223D8EE82054778F00B1C87C = {
						CreatedOnToolsVersion = 9.2;
						ProvisioningStyle = Automatic;
					};
					223D8EFC2054778F00B1C87C = {
						CreatedOnToolsVersion = 9.2;
						ProvisioningStyle = Automatic;
						TestTargetID = 223D8EE82054778F00B1C87C;
					};
					223D8F072054778F00B1C87C = {
						CreatedOnToolsVersion = 9.2;
						ProvisioningStyle = Automatic;
						TestTargetID = 223D8EE82054778F00B1C87C;
					};
				};
			};
			buildConfigurationList = 223D8EE42054778F00B1C87C /* Build configuration list for PBXProject "Bullseye" */;
			compatibilityVersion = "Xcode 8.0";
			developmentRegion = en;
			hasScannedForEncodings = 0;
			knownRegions = (
				en,
				Base,
			);
			mainGroup = 223D8EE02054778F00B1C87C;
			productRefGroup = 223D8EEA2054778F00B1C87C /* Products */;
			projectDirPath = "";
			projectRoot = "";
			targets = (
				223D8EE82054778F00B1C87C /* Bullseye */,
				223D8EFC2054778F00B1C87C /* BullseyeTests */,
				223D8F072054778F00B1C87C /* BullseyeUITests */,
			);
		};
/* End PBXProject section */

/* Begin PBXResourcesBuildPhase section */
		223D8EE72054778F00B1C87C /* Resources */ = {
			isa = PBXResourcesBuildPhase;
			buildActionMask = 2147483647;
			files = (
				223D8EF72054778F00B1C87C /* LaunchScreen.storyboard in Resources */,
				223D8EF42054778F00B1C87C /* Assets.xcassets in Resources */,
				223D8EF22054778F00B1C87C /* Main.storyboard in Resources */,
			);
			runOnlyForDeploymentPostprocessing = 0;
		};
		223D8EFB2054778F00B1C87C /* Resources */ = {
			isa = PBXResourcesBuildPhase;
			buildActionMask = 2147483647;
			files = (
			);
			runOnlyForDeploymentPostprocessing = 0;
		};
		223D8F062054778F00B1C87C /* Resources */ = {
			isa = PBXResourcesBuildPhase;
			buildActionMask = 2147483647;
			files = (
			);
			runOnlyForDeploymentPostprocessing = 0;
		};
/* End PBXResourcesBuildPhase section */

/* Begin PBXSourcesBuildPhase section */
		223D8EE52054778F00B1C87C /* Sources */ = {
			isa = PBXSourcesBuildPhase;
			buildActionMask = 2147483647;
			files = (
				223D8EEF2054778F00B1C87C /* ViewController.swift in Sources */,
				223D8EED2054778F00B1C87C /* AppDelegate.swift in Sources */,
			);
			runOnlyForDeploymentPostprocessing = 0;
		};
		223D8EF92054778F00B1C87C /* Sources */ = {
			isa = PBXSourcesBuildPhase;
			buildActionMask = 2147483647;
			files = (
				223D8F022054778F00B1C87C /* BullseyeTests.swift in Sources */,
			);
			runOnlyForDeploymentPostprocessing = 0;
		};
		223D8F042054778F00B1C87C /* Sources */ = {
			isa = PBXSourcesBuildPhase;
			buildActionMask = 2147483647;
			files = (
				223D8F0D2054778F00B1C87C /* BullseyeUITests.swift in Sources */,
			);
			runOnlyForDeploymentPostprocessing = 0;
		};
/* End PBXSourcesBuildPhase section */

/* Begin PBXTargetDependency section */
		223D8EFF2054778F00B1C87C /* PBXTargetDependency */ = {
			isa = PBXTargetDependency;
			target = 223D8EE82054778F00B1C87C /* Bullseye */;
			targetProxy = 223D8EFE2054778F00B1C87C /* PBXContainerItemProxy */;
		};
		223D8F0A2054778F00B1C87C /* PBXTargetDependency */ = {
			isa = PBXTargetDependency;
			target = 223D8EE82054778F00B1C87C /* Bullseye */;
			targetProxy = 223D8F092054778F00B1C87C /* PBXContainerItemProxy */;
		};
/* End PBXTargetDependency section */

/* Begin PBXVariantGroup section */
		223D8EF02054778F00B1C87C /* Main.storyboard */ = {
			isa = PBXVariantGroup;
			children = (
				223D8EF12054778F00B1C87C /* Base */,
			);
			name = Main.storyboard;
			sourceTree = "<group>";
		};
		223D8EF52054778F00B1C87C /* LaunchScreen.storyboard */ = {
			isa = PBXVariantGroup;
			children = (
				223D8EF62054778F00B1C87C /* Base */,
			);
			name = LaunchScreen.storyboard;
			sourceTree = "<group>";
		};
/* End PBXVariantGroup section */

/* Begin XCBuildConfiguration section */
		223D8F0F2054778F00B1C87C /* Debug */ = {
			isa = XCBuildConfiguration;
			buildSettings = {
				ALWAYS_SEARCH_USER_PATHS = NO;
				CLANG_ANALYZER_NONNULL = YES;
				CLANG_ANALYZER_NUMBER_OBJECT_CONVERSION = YES_AGGRESSIVE;
				CLANG_CXX_LANGUAGE_STANDARD = "gnu++14";
				CLANG_CXX_LIBRARY = "libc++";
				CLANG_ENABLE_MODULES = YES;
				CLANG_ENABLE_OBJC_ARC = YES;
				CLANG_WARN_BLOCK_CAPTURE_AUTORELEASING = YES;
				CLANG_WARN_BOOL_CONVERSION = YES;
				CLANG_WARN_COMMA = YES;
				CLANG_WARN_CONSTANT_CONVERSION = YES;
				CLANG_WARN_DIRECT_OBJC_ISA_USAGE = YES_ERROR;
				CLANG_WARN_DOCUMENTATION_COMMENTS = YES;
				CLANG_WARN_EMPTY_BODY = YES;
				CLANG_WARN_ENUM_CONVERSION = YES;
				CLANG_WARN_INFINITE_RECURSION = YES;
				CLANG_WARN_INT_CONVERSION = YES;
				CLANG_WARN_NON_LITERAL_NULL_CONVERSION = YES;
				CLANG_WARN_OBJC_LITERAL_CONVERSION = YES;
				CLANG_WARN_OBJC_ROOT_CLASS = YES_ERROR;
				CLANG_WARN_RANGE_LOOP_ANALYSIS = YES;
				CLANG_WARN_STRICT_PROTOTYPES = YES;
				CLANG_WARN_SUSPICIOUS_MOVE = YES;
				CLANG_WARN_UNGUARDED_AVAILABILITY = YES_AGGRESSIVE;
				CLANG_WARN_UNREACHABLE_CODE = YES;
				CLANG_WARN__DUPLICATE_METHOD_MATCH = YES;
				CODE_SIGN_IDENTITY = "iPhone Developer";
				COPY_PHASE_STRIP = NO;
				DEBUG_INFORMATION_FORMAT = dwarf;
				ENABLE_STRICT_OBJC_MSGSEND = YES;
				ENABLE_TESTABILITY = YES;
				GCC_C_LANGUAGE_STANDARD = gnu11;
				GCC_DYNAMIC_NO_PIC = NO;
				GCC_NO_COMMON_BLOCKS = YES;
				GCC_OPTIMIZATION_LEVEL = 0;
				GCC_PREPROCESSOR_DEFINITIONS = (
					"DEBUG=1",
					"$(inherited)",
				);
				GCC_WARN_64_TO_32_BIT_CONVERSION = YES;
				GCC_WARN_ABOUT_RETURN_TYPE = YES_ERROR;
				GCC_WARN_UNDECLARED_SELECTOR = YES;
				GCC_WARN_UNINITIALIZED_AUTOS = YES_AGGRESSIVE;
				GCC_WARN_UNUSED_FUNCTION = YES;
				GCC_WARN_UNUSED_VARIABLE = YES;
				IPHONEOS_DEPLOYMENT_TARGET = 11.2;
				MTL_ENABLE_DEBUG_INFO = YES;
				ONLY_ACTIVE_ARCH = YES;
				SDKROOT = iphoneos;
				SWIFT_ACTIVE_COMPILATION_CONDITIONS = DEBUG;
				SWIFT_OPTIMIZATION_LEVEL = "-Onone";
			};
			name = Debug;
		};
		223D8F102054778F00B1C87C /* Release */ = {
			isa = XCBuildConfiguration;
			buildSettings = {
				ALWAYS_SEARCH_USER_PATHS = NO;
				CLANG_ANALYZER_NONNULL = YES;
				CLANG_ANALYZER_NUMBER_OBJECT_CONVERSION = YES_AGGRESSIVE;
				CLANG_CXX_LANGUAGE_STANDARD = "gnu++14";
				CLANG_CXX_LIBRARY = "libc++";
				CLANG_ENABLE_MODULES = YES;
				CLANG_ENABLE_OBJC_ARC = YES;
				CLANG_WARN_BLOCK_CAPTURE_AUTORELEASING = YES;
				CLANG_WARN_BOOL_CONVERSION = YES;
				CLANG_WARN_COMMA = YES;
				CLANG_WARN_CONSTANT_CONVERSION = YES;
				CLANG_WARN_DIRECT_OBJC_ISA_USAGE = YES_ERROR;
				CLANG_WARN_DOCUMENTATION_COMMENTS = YES;
				CLANG_WARN_EMPTY_BODY = YES;
				CLANG_WARN_ENUM_CONVERSION = YES;
				CLANG_WARN_INFINITE_RECURSION = YES;
				CLANG_WARN_INT_CONVERSION = YES;
				CLANG_WARN_NON_LITERAL_NULL_CONVERSION = YES;
				CLANG_WARN_OBJC_LITERAL_CONVERSION = YES;
				CLANG_WARN_OBJC_ROOT_CLASS = YES_ERROR;
				CLANG_WARN_RANGE_LOOP_ANALYSIS = YES;
				CLANG_WARN_STRICT_PROTOTYPES = YES;
				CLANG_WARN_SUSPICIOUS_MOVE = YES;
				CLANG_WARN_UNGUARDED_AVAILABILITY = YES_AGGRESSIVE;
				CLANG_WARN_UNREACHABLE_CODE = YES;
				CLANG_WARN__DUPLICATE_METHOD_MATCH = YES;
				CODE_SIGN_IDENTITY = "iPhone Developer";
				COPY_PHASE_STRIP = NO;
				DEBUG_INFORMATION_FORMAT = "dwarf-with-dsym";
				ENABLE_NS_ASSERTIONS = NO;
				ENABLE_STRICT_OBJC_MSGSEND = YES;
				GCC_C_LANGUAGE_STANDARD = gnu11;
				GCC_NO_COMMON_BLOCKS = YES;
				GCC_WARN_64_TO_32_BIT_CONVERSION = YES;
				GCC_WARN_ABOUT_RETURN_TYPE = YES_ERROR;
				GCC_WARN_UNDECLARED_SELECTOR = YES;
				GCC_WARN_UNINITIALIZED_AUTOS = YES_AGGRESSIVE;
				GCC_WARN_UNUSED_FUNCTION = YES;
				GCC_WARN_UNUSED_VARIABLE = YES;
				IPHONEOS_DEPLOYMENT_TARGET = 11.2;
				MTL_ENABLE_DEBUG_INFO = NO;
				SDKROOT = iphoneos;
				SWIFT_OPTIMIZATION_LEVEL = "-Owholemodule";
				VALIDATE_PRODUCT = YES;
			};
			name = Release;
		};
		223D8F122054778F00B1C87C /* Debug */ = {
			isa = XCBuildConfiguration;
			buildSettings = {
				ASSETCATALOG_COMPILER_APPICON_NAME = AppIcon;
				CODE_SIGN_STYLE = Automatic;
				DEVELOPMENT_TEAM = 7GKQ78BD73;
				INFOPLIST_FILE = Bullseye/Info.plist;
				LD_RUNPATH_SEARCH_PATHS = "$(inherited) @executable_path/Frameworks";
				PRODUCT_BUNDLE_IDENTIFIER = com.tim.Bullseye;
				PRODUCT_NAME = "$(TARGET_NAME)";
				SWIFT_VERSION = 4.0;
				TARGETED_DEVICE_FAMILY = "1,2";
			};
			name = Debug;
		};
		223D8F132054778F00B1C87C /* Release */ = {
			isa = XCBuildConfiguration;
			buildSettings = {
				ASSETCATALOG_COMPILER_APPICON_NAME = AppIcon;
				CODE_SIGN_STYLE = Automatic;
				DEVELOPMENT_TEAM = 7GKQ78BD73;
				INFOPLIST_FILE = Bullseye/Info.plist;
				LD_RUNPATH_SEARCH_PATHS = "$(inherited) @executable_path/Frameworks";
				PRODUCT_BUNDLE_IDENTIFIER = com.tim.Bullseye;
				PRODUCT_NAME = "$(TARGET_NAME)";
				SWIFT_VERSION = 4.0;
				TARGETED_DEVICE_FAMILY = "1,2";
			};
			name = Release;
		};
		223D8F152054778F00B1C87C /* Debug */ = {
			isa = XCBuildConfiguration;
			buildSettings = {
				ALWAYS_EMBED_SWIFT_STANDARD_LIBRARIES = YES;
				BUNDLE_LOADER = "$(TEST_HOST)";
				CODE_SIGN_STYLE = Automatic;
				DEVELOPMENT_TEAM = 7GKQ78BD73;
				INFOPLIST_FILE = BullseyeTests/Info.plist;
				LD_RUNPATH_SEARCH_PATHS = "$(inherited) @executable_path/Frameworks @loader_path/Frameworks";
				PRODUCT_BUNDLE_IDENTIFIER = com.tim.BullseyeTests;
				PRODUCT_NAME = "$(TARGET_NAME)";
				SWIFT_VERSION = 4.0;
				TARGETED_DEVICE_FAMILY = "1,2";
				TEST_HOST = "$(BUILT_PRODUCTS_DIR)/Bullseye.app/Bullseye";
			};
			name = Debug;
		};
		223D8F162054778F00B1C87C /* Release */ = {
			isa = XCBuildConfiguration;
			buildSettings = {
				ALWAYS_EMBED_SWIFT_STANDARD_LIBRARIES = YES;
				BUNDLE_LOADER = "$(TEST_HOST)";
				CODE_SIGN_STYLE = Automatic;
				DEVELOPMENT_TEAM = 7GKQ78BD73;
				INFOPLIST_FILE = BullseyeTests/Info.plist;
				LD_RUNPATH_SEARCH_PATHS = "$(inherited) @executable_path/Frameworks @loader_path/Frameworks";
				PRODUCT_BUNDLE_IDENTIFIER = com.tim.BullseyeTests;
				PRODUCT_NAME = "$(TARGET_NAME)";
				SWIFT_VERSION = 4.0;
				TARGETED_DEVICE_FAMILY = "1,2";
				TEST_HOST = "$(BUILT_PRODUCTS_DIR)/Bullseye.app/Bullseye";
			};
			name = Release;
		};
		223D8F182054778F00B1C87C /* Debug */ = {
			isa = XCBuildConfiguration;
			buildSettings = {
				ALWAYS_EMBED_SWIFT_STANDARD_LIBRARIES = YES;
				CODE_SIGN_STYLE = Automatic;
				DEVELOPMENT_TEAM = 7GKQ78BD73;
				INFOPLIST_FILE = BullseyeUITests/Info.plist;
				LD_RUNPATH_SEARCH_PATHS = "$(inherited) @executable_path/Frameworks @loader_path/Frameworks";
				PRODUCT_BUNDLE_IDENTIFIER = com.tim.BullseyeUITests;
				PRODUCT_NAME = "$(TARGET_NAME)";
				SWIFT_VERSION = 4.0;
				TARGETED_DEVICE_FAMILY = "1,2";
				TEST_TARGET_NAME = Bullseye;
			};
			name = Debug;
		};
		223D8F192054778F00B1C87C /* Release */ = {
			isa = XCBuildConfiguration;
			buildSettings = {
				ALWAYS_EMBED_SWIFT_STANDARD_LIBRARIES = YES;
				CODE_SIGN_STYLE = Automatic;
				DEVELOPMENT_TEAM = 7GKQ78BD73;
				INFOPLIST_FILE = BullseyeUITests/Info.plist;
				LD_RUNPATH_SEARCH_PATHS = "$(inherited) @executable_path/Frameworks @loader_path/Frameworks";
				PRODUCT_BUNDLE_IDENTIFIER = com.tim.BullseyeUITests;
				PRODUCT_NAME = "$(TARGET_NAME)";
				SWIFT_VERSION = 4.0;
				TARGETED_DEVICE_FAMILY = "1,2";
				TEST_TARGET_NAME = Bullseye;
			};
			name = Release;
		};
/* End XCBuildConfiguration section */

/* Begin XCConfigurationList section */
		223D8EE42054778F00B1C87C /* Build configuration list for PBXProject "Bullseye" */ = {
			isa = XCConfigurationList;
			buildConfigurations = (
				223D8F0F2054778F00B1C87C /* Debug */,
				223D8F102054778F00B1C87C /* Release */,
			);
			defaultConfigurationIsVisible = 0;
			defaultConfigurationName = Release;
		};
		223D8F112054778F00B1C87C /* Build configuration list for PBXNativeTarget "Bullseye" */ = {
			isa = XCConfigurationList;
			buildConfigurations = (
				223D8F122054778F00B1C87C /* Debug */,
				223D8F132054778F00B1C87C /* Release */,
			);
			defaultConfigurationIsVisible = 0;
			defaultConfigurationName = Release;
		};
		223D8F142054778F00B1C87C /* Build configuration list for PBXNativeTarget "BullseyeTests" */ = {
			isa = XCConfigurationList;
			buildConfigurations = (
				223D8F152054778F00B1C87C /* Debug */,
				223D8F162054778F00B1C87C /* Release */,
			);
			defaultConfigurationIsVisible = 0;
			defaultConfigurationName = Release;
		};
		223D8F172054778F00B1C87C /* Build configuration list for PBXNativeTarget "BullseyeUITests" */ = {
			isa = XCConfigurationList;
			buildConfigurations = (
				223D8F182054778F00B1C87C /* Debug */,
				223D8F192054778F00B1C87C /* Release */,
			);
			defaultConfigurationIsVisible = 0;
			defaultConfigurationName = Release;
		};
/* End XCConfigurationList section */
	};
	rootObject = 223D8EE12054778F00B1C87C /* Project object */;
}
